
Microsoft Visual Studio Solution File, Format Version 12.00
# Visual Studio Version 17
VisualStudioVersion = 17.4.33110.190
MinimumVisualStudioVersion = 10.0.40219.1
Project("{9A19103F-16F7-4668-BE54-9A1E7A4F7556}") = "WebApi", "WebApi.csproj", "{C64B4434-83CD-4678-AB1D-9BD427BA472A}"
EndProject
Project("{9A19103F-16F7-4668-BE54-9A1E7A4F7556}") = "Model", "..\Model\Model.csproj", "{87B708E6-C62E-4ECF-B972-36874AE078BB}"
EndProject
Project("{9A19103F-16F7-4668-BE54-9A1E7A4F7556}") = "DAL", "..\DAL\DAL.csproj", "{F34ACC70-CFA6-45CF-87B2-F684B00A0D64}"
EndProject
Project("{FAE04EC0-301F-11D3-BF4B-00C04F79EFBC}") = "BLL", "..\BLL\BLL.csproj", "{97814157-7844-4585-BABF-900387744E7D}"
EndProject
Global
	GlobalSection(SolutionConfigurationPlatforms) = preSolution
		Debug|Any CPU = Debug|Any CPU
		Release|Any CPU = Release|Any CPU
	EndGlobalSection
	GlobalSection(ProjectConfigurationPlatforms) = postSolution
		{C64B4434-83CD-4678-AB1D-9BD427BA472A}.Debug|Any CPU.ActiveCfg = Debug|Any CPU
		{C64B4434-83CD-4678-AB1D-9BD427BA472A}.Debug|Any CPU.Build.0 = Debug|Any CPU
		{C64B4434-83CD-4678-AB1D-9BD427BA472A}.Release|Any CPU.ActiveCfg = Release|Any CPU
		{C64B4434-83CD-4678-AB1D-9BD427BA472A}.Release|Any CPU.Build.0 = Release|Any CPU
		{87B708E6-C62E-4ECF-B972-36874AE078BB}.Debug|Any CPU.ActiveCfg = Debug|Any CPU
		{87B708E6-C62E-4ECF-B972-36874AE078BB}.Debug|Any CPU.Build.0 = Debug|Any CPU
		{87B708E6-C62E-4ECF-B972-36874AE078BB}.Release|Any CPU.ActiveCfg = Release|Any CPU
		{87B708E6-C62E-4ECF-B972-36874AE078BB}.Release|Any CPU.Build.0 = Release|Any CPU
		{F34ACC70-CFA6-45CF-87B2-F684B00A0D64}.Debug|Any CPU.ActiveCfg = Debug|Any CPU
		{F34ACC70-CFA6-45CF-87B2-F684B00A0D64}.Debug|Any CPU.Build.0 = Debug|Any CPU
		{F34ACC70-CFA6-45CF-87B2-F684B00A0D64}.Release|Any CPU.ActiveCfg = Release|Any CPU
		{F34ACC70-CFA6-45CF-87B2-F684B00A0D64}.Release|Any CPU.Build.0 = Release|Any CPU
		{97814157-7844-4585-BABF-900387744E7D}.Debug|Any CPU.ActiveCfg = Debug|Any CPU
		{97814157-7844-4585-BABF-900387744E7D}.Debug|Any CPU.Build.0 = Debug|Any CPU
		{97814157-7844-4585-BABF-900387744E7D}.Release|Any CPU.ActiveCfg = Release|Any CPU
		{97814157-7844-4585-BABF-900387744E7D}.Release|Any CPU.Build.0 = Release|Any CPU
	EndGlobalSection
	GlobalSection(SolutionProperties) = preSolution
		HideSolutionNode = FALSE
	EndGlobalSection
	GlobalSection(ExtensibilityGlobals) = postSolution
		SolutionGuid = {9F2B902E-E490-4D84-B23B-A48200DDD845}
	EndGlobalSection
EndGlobal
